// !$*UTF8*$!
{
	archiveVersion = 1;
	classes = {
	};
	objectVersion = 46;
	objects = {

/* Begin PBXBuildFile section */
		50576F281B915C50003649B8 /* MainViewController.m in Sources */ = {isa = PBXBuildFile; fileRef = 50576F271B915C50003649B8 /* MainViewController.m */; };
		50576F301B915F56003649B8 /* AVFoundation.framework in Frameworks */ = {isa = PBXBuildFile; fileRef = 50576F2F1B915F56003649B8 /* AVFoundation.framework */; };
		50576F3C1B91E326003649B8 /* TBMirrorPhotoViewController.mm in Sources */ = {isa = PBXBuildFile; fileRef = 50576F361B91E326003649B8 /* TBMirrorPhotoViewController.mm */; };
		50576F3D1B91E326003649B8 /* TBMirrorVideoViewController.mm in Sources */ = {isa = PBXBuildFile; fileRef = 50576F381B91E326003649B8 /* TBMirrorVideoViewController.mm */; };
		50576F3E1B91E326003649B8 /* TBMirrorViewControllerFactory.m in Sources */ = {isa = PBXBuildFile; fileRef = 50576F3B1B91E326003649B8 /* TBMirrorViewControllerFactory.m */; };
		50576F421B91E34F003649B8 /* TBMirrorCameraOpenGLView.m in Sources */ = {isa = PBXBuildFile; fileRef = 50576F411B91E34F003649B8 /* TBMirrorCameraOpenGLView.m */; };
		50576F451B91E38B003649B8 /* TBMirrorViewController.mm in Sources */ = {isa = PBXBuildFile; fileRef = 50576F441B91E38B003649B8 /* TBMirrorViewController.mm */; };
		50576F4B1B91E3B9003649B8 /* TBMirrorMakeUpModel.m in Sources */ = {isa = PBXBuildFile; fileRef = 50576F481B91E3B9003649B8 /* TBMirrorMakeUpModel.m */; };
		50576F4C1B91E3B9003649B8 /* TBMirrorBeautyModel.m in Sources */ = {isa = PBXBuildFile; fileRef = 50576F4A1B91E3B9003649B8 /* TBMirrorBeautyModel.m */; };
		50576F501B91E51F003649B8 /* TBMirrorUtils.m in Sources */ = {isa = PBXBuildFile; fileRef = 50576F4F1B91E51F003649B8 /* TBMirrorUtils.m */; };
		50576F561B91E614003649B8 /* libCosmeticSDK.a in Frameworks */ = {isa = PBXBuildFile; fileRef = 50576F541B91E614003649B8 /* libCosmeticSDK.a */; };
		50576F571B91E614003649B8 /* libglass_release.a in Frameworks */ = {isa = PBXBuildFile; fileRef = 50576F551B91E614003649B8 /* libglass_release.a */; };
		50576F5A1B91E69C003649B8 /* DemoViewController.m in Sources */ = {isa = PBXBuildFile; fileRef = 50576F591B91E69C003649B8 /* DemoViewController.m */; };
		50576F5D1B91FB88003649B8 /* saihong.dat in Resources */ = {isa = PBXBuildFile; fileRef = 50576F5C1B91FB58003649B8 /* saihong.dat */; };
		50576F5E1B91FBB9003649B8 /* face_all_data_100.dat in Resources */ = {isa = PBXBuildFile; fileRef = 50576F5B1B91FB3E003649B8 /* face_all_data_100.dat */; };
		50576F611B91FD8E003649B8 /* TBMirrorDiskCache.m in Sources */ = {isa = PBXBuildFile; fileRef = 50576F601B91FD8E003649B8 /* TBMirrorDiskCache.m */; };
		50FD338B1B9156D8001B9B6B /* main.m in Sources */ = {isa = PBXBuildFile; fileRef = 50FD338A1B9156D8001B9B6B /* main.m */; };
		50FD338E1B9156D8001B9B6B /* AppDelegate.m in Sources */ = {isa = PBXBuildFile; fileRef = 50FD338D1B9156D8001B9B6B /* AppDelegate.m */; };
		50FD33911B9156D8001B9B6B /* ViewController.m in Sources */ = {isa = PBXBuildFile; fileRef = 50FD33901B9156D8001B9B6B /* ViewController.m */; };
		50FD33941B9156D8001B9B6B /* Main.storyboard in Resources */ = {isa = PBXBuildFile; fileRef = 50FD33921B9156D8001B9B6B /* Main.storyboard */; };
		50FD33961B9156D8001B9B6B /* Images.xcassets in Resources */ = {isa = PBXBuildFile; fileRef = 50FD33951B9156D8001B9B6B /* Images.xcassets */; };
		50FD33991B9156D8001B9B6B /* LaunchScreen.xib in Resources */ = {isa = PBXBuildFile; fileRef = 50FD33971B9156D8001B9B6B /* LaunchScreen.xib */; };
		50FD33A51B9156D9001B9B6B /* CameraDemoTests.m in Sources */ = {isa = PBXBuildFile; fileRef = 50FD33A41B9156D9001B9B6B /* CameraDemoTests.m */; };
/* End PBXBuildFile section */

/* Begin PBXContainerItemProxy section */
		50FD339F1B9156D9001B9B6B /* PBXContainerItemProxy */ = {
			isa = PBXContainerItemProxy;
			containerPortal = 50FD337D1B9156D8001B9B6B /* Project object */;
			proxyType = 1;
			remoteGlobalIDString = 50FD33841B9156D8001B9B6B;
			remoteInfo = CameraDemo;
		};
/* End PBXContainerItemProxy section */

/* Begin PBXFileReference section */
		50576F261B915C50003649B8 /* MainViewController.h */ = {isa = PBXFileReference; fileEncoding = 4; lastKnownFileType = sourcecode.c.h; name = MainViewController.h; path = ViewController/MainViewController.h; sourceTree = "<group>"; };
		50576F271B915C50003649B8 /* MainViewController.m */ = {isa = PBXFileReference; fileEncoding = 4; lastKnownFileType = sourcecode.c.objc; name = MainViewController.m; path = ViewController/MainViewController.m; sourceTree = "<group>"; };
		50576F2F1B915F56003649B8 /* AVFoundation.framework */ = {isa = PBXFileReference; lastKnownFileType = wrapper.framework; name = AVFoundation.framework; path = System/Library/Frameworks/AVFoundation.framework; sourceTree = SDKROOT; };
		50576F351B91E326003649B8 /* TBMirrorPhotoViewController.h */ = {isa = PBXFileReference; fileEncoding = 4; lastKnownFileType = sourcecode.c.h; path = TBMirrorPhotoViewController.h; sourceTree = "<group>"; };
		50576F361B91E326003649B8 /* TBMirrorPhotoViewController.mm */ = {isa = PBXFileReference; fileEncoding = 4; lastKnownFileType = sourcecode.cpp.objcpp; path = TBMirrorPhotoViewController.mm; sourceTree = "<group>"; };
		50576F371B91E326003649B8 /* TBMirrorVideoViewController.h */ = {isa = PBXFileReference; fileEncoding = 4; lastKnownFileType = sourcecode.c.h; path = TBMirrorVideoViewController.h; sourceTree = "<group>"; };
		50576F381B91E326003649B8 /* TBMirrorVideoViewController.mm */ = {isa = PBXFileReference; fileEncoding = 4; lastKnownFileType = sourcecode.cpp.objcpp; path = TBMirrorVideoViewController.mm; sourceTree = "<group>"; };
		50576F391B91E326003649B8 /* TBMirrorViewController_Private.h */ = {isa = PBXFileReference; fileEncoding = 4; lastKnownFileType = sourcecode.c.h; path = TBMirrorViewController_Private.h; sourceTree = "<group>"; };
		50576F3A1B91E326003649B8 /* TBMirrorViewControllerFactory.h */ = {isa = PBXFileReference; fileEncoding = 4; lastKnownFileType = sourcecode.c.h; path = TBMirrorViewControllerFactory.h; sourceTree = "<group>"; };
		50576F3B1B91E326003649B8 /* TBMirrorViewControllerFactory.m */ = {isa = PBXFileReference; fileEncoding = 4; lastKnownFileType = sourcecode.c.objc; path = TBMirrorViewControllerFactory.m; sourceTree = "<group>"; };
		50576F401B91E34F003649B8 /* TBMirrorCameraOpenGLView.h */ = {isa = PBXFileReference; fileEncoding = 4; lastKnownFileType = sourcecode.c.h; path = TBMirrorCameraOpenGLView.h; sourceTree = "<group>"; };
		50576F411B91E34F003649B8 /* TBMirrorCameraOpenGLView.m */ = {isa = PBXFileReference; fileEncoding = 4; lastKnownFileType = sourcecode.c.objc; path = TBMirrorCameraOpenGLView.m; sourceTree = "<group>"; };
		50576F431B91E38B003649B8 /* TBMirrorViewController.h */ = {isa = PBXFileReference; fileEncoding = 4; lastKnownFileType = sourcecode.c.h; path = TBMirrorViewController.h; sourceTree = "<group>"; };
		50576F441B91E38B003649B8 /* TBMirrorViewController.mm */ = {isa = PBXFileReference; fileEncoding = 4; lastKnownFileType = sourcecode.cpp.objcpp; path = TBMirrorViewController.mm; sourceTree = "<group>"; };
		50576F471B91E3B9003649B8 /* TBMirrorMakeUpModel.h */ = {isa = PBXFileReference; fileEncoding = 4; lastKnownFileType = sourcecode.c.h; path = TBMirrorMakeUpModel.h; sourceTree = "<group>"; };
		50576F481B91E3B9003649B8 /* TBMirrorMakeUpModel.m */ = {isa = PBXFileReference; fileEncoding = 4; lastKnownFileType = sourcecode.c.objc; path = TBMirrorMakeUpModel.m; sourceTree = "<group>"; };
		50576F491B91E3B9003649B8 /* TBMirrorBeautyModel.h */ = {isa = PBXFileReference; fileEncoding = 4; lastKnownFileType = sourcecode.c.h; path = TBMirrorBeautyModel.h; sourceTree = "<group>"; };
		50576F4A1B91E3B9003649B8 /* TBMirrorBeautyModel.m */ = {isa = PBXFileReference; fileEncoding = 4; lastKnownFileType = sourcecode.c.objc; path = TBMirrorBeautyModel.m; sourceTree = "<group>"; };
		50576F4E1B91E51F003649B8 /* TBMirrorUtils.h */ = {isa = PBXFileReference; fileEncoding = 4; lastKnownFileType = sourcecode.c.h; path = TBMirrorUtils.h; sourceTree = "<group>"; };
		50576F4F1B91E51F003649B8 /* TBMirrorUtils.m */ = {isa = PBXFileReference; fileEncoding = 4; lastKnownFileType = sourcecode.c.objc; path = TBMirrorUtils.m; sourceTree = "<group>"; };
		50576F521B91E5E4003649B8 /* CosmeticEngine.h */ = {isa = PBXFileReference; lastKnownFileType = sourcecode.c.h; path = CosmeticEngine.h; sourceTree = "<group>"; };
		50576F531B91E5E4003649B8 /* GlassFittingEngineAPI.h */ = {isa = PBXFileReference; lastKnownFileType = sourcecode.c.h; path = GlassFittingEngineAPI.h; sourceTree = "<group>"; };
		50576F541B91E614003649B8 /* libCosmeticSDK.a */ = {isa = PBXFileReference; lastKnownFileType = archive.ar; path = libCosmeticSDK.a; sourceTree = "<group>"; };
		50576F551B91E614003649B8 /* libglass_release.a */ = {isa = PBXFileReference; lastKnownFileType = archive.ar; path = libglass_release.a; sourceTree = "<group>"; };
		50576F581B91E69C003649B8 /* DemoViewController.h */ = {isa = PBXFileReference; fileEncoding = 4; lastKnownFileType = sourcecode.c.h; name = DemoViewController.h; path = ViewController/DemoViewController.h; sourceTree = "<group>"; };
		50576F591B91E69C003649B8 /* DemoViewController.m */ = {isa = PBXFileReference; fileEncoding = 4; lastKnownFileType = sourcecode.c.objc; name = DemoViewController.m; path = ViewController/DemoViewController.m; sourceTree = "<group>"; };
		50576F5B1B91FB3E003649B8 /* face_all_data_100.dat */ = {isa = PBXFileReference; lastKnownFileType = file; path = face_all_data_100.dat; sourceTree = "<group>"; };
		50576F5C1B91FB58003649B8 /* saihong.dat */ = {isa = PBXFileReference; lastKnownFileType = file; path = saihong.dat; sourceTree = "<group>"; };
		50576F5F1B91FD8E003649B8 /* TBMirrorDiskCache.h */ = {isa = PBXFileReference; fileEncoding = 4; lastKnownFileType = sourcecode.c.h; path = TBMirrorDiskCache.h; sourceTree = "<group>"; };
		50576F601B91FD8E003649B8 /* TBMirrorDiskCache.m */ = {isa = PBXFileReference; fileEncoding = 4; lastKnownFileType = sourcecode.c.objc; path = TBMirrorDiskCache.m; sourceTree = "<group>"; };
		50FD33851B9156D8001B9B6B /* CameraDemo.app */ = {isa = PBXFileReference; explicitFileType = wrapper.application; includeInIndex = 0; path = CameraDemo.app; sourceTree = BUILT_PRODUCTS_DIR; };
		50FD33891B9156D8001B9B6B /* Info.plist */ = {isa = PBXFileReference; lastKnownFileType = text.plist.xml; path = Info.plist; sourceTree = "<group>"; };
		50FD338A1B9156D8001B9B6B /* main.m */ = {isa = PBXFileReference; lastKnownFileType = sourcecode.c.objc; path = main.m; sourceTree = "<group>"; };
		50FD338C1B9156D8001B9B6B /* AppDelegate.h */ = {isa = PBXFileReference; lastKnownFileType = sourcecode.c.h; path = AppDelegate.h; sourceTree = "<group>"; };
		50FD338D1B9156D8001B9B6B /* AppDelegate.m */ = {isa = PBXFileReference; lastKnownFileType = sourcecode.c.objc; path = AppDelegate.m; sourceTree = "<group>"; };
		50FD338F1B9156D8001B9B6B /* ViewController.h */ = {isa = PBXFileReference; lastKnownFileType = sourcecode.c.h; path = ViewController.h; sourceTree = "<group>"; };
		50FD33901B9156D8001B9B6B /* ViewController.m */ = {isa = PBXFileReference; lastKnownFileType = sourcecode.c.objc; path = ViewController.m; sourceTree = "<group>"; };
		50FD33931B9156D8001B9B6B /* Base */ = {isa = PBXFileReference; lastKnownFileType = file.storyboard; name = Base; path = Base.lproj/Main.storyboard; sourceTree = "<group>"; };
		50FD33951B9156D8001B9B6B /* Images.xcassets */ = {isa = PBXFileReference; lastKnownFileType = folder.assetcatalog; path = Images.xcassets; sourceTree = "<group>"; };
		50FD33981B9156D8001B9B6B /* Base */ = {isa = PBXFileReference; lastKnownFileType = file.xib; name = Base; path = Base.lproj/LaunchScreen.xib; sourceTree = "<group>"; };
		50FD339E1B9156D9001B9B6B /* CameraDemoTests.xctest */ = {isa = PBXFileReference; explicitFileType = wrapper.cfbundle; includeInIndex = 0; path = CameraDemoTests.xctest; sourceTree = BUILT_PRODUCTS_DIR; };
		50FD33A31B9156D9001B9B6B /* Info.plist */ = {isa = PBXFileReference; lastKnownFileType = text.plist.xml; path = Info.plist; sourceTree = "<group>"; };
		50FD33A41B9156D9001B9B6B /* CameraDemoTests.m */ = {isa = PBXFileReference; lastKnownFileType = sourcecode.c.objc; path = CameraDemoTests.m; sourceTree = "<group>"; };
/* End PBXFileReference section */

/* Begin PBXFrameworksBuildPhase section */
		50FD33821B9156D8001B9B6B /* Frameworks */ = {
			isa = PBXFrameworksBuildPhase;
			buildActionMask = 2147483647;
			files = (
				50576F571B91E614003649B8 /* libglass_release.a in Frameworks */,
				50576F301B915F56003649B8 /* AVFoundation.framework in Frameworks */,
				50576F561B91E614003649B8 /* libCosmeticSDK.a in Frameworks */,
			);
			runOnlyForDeploymentPostprocessing = 0;
		};
		50FD339B1B9156D9001B9B6B /* Frameworks */ = {
			isa = PBXFrameworksBuildPhase;
			buildActionMask = 2147483647;
			files = (
			);
			runOnlyForDeploymentPostprocessing = 0;
		};
/* End PBXFrameworksBuildPhase section */

/* Begin PBXGroup section */
		50576F251B915C12003649B8 /* ViewController */ = {
			isa = PBXGroup;
			children = (
				50576F261B915C50003649B8 /* MainViewController.h */,
				50576F271B915C50003649B8 /* MainViewController.m */,
				50576F581B91E69C003649B8 /* DemoViewController.h */,
				50576F591B91E69C003649B8 /* DemoViewController.m */,
				50576F341B91E313003649B8 /* Core */,
			);
			name = ViewController;
			sourceTree = "<group>";
		};
		50576F341B91E313003649B8 /* Core */ = {
			isa = PBXGroup;
			children = (
				50576F431B91E38B003649B8 /* TBMirrorViewController.h */,
				50576F441B91E38B003649B8 /* TBMirrorViewController.mm */,
				50576F351B91E326003649B8 /* TBMirrorPhotoViewController.h */,
				50576F361B91E326003649B8 /* TBMirrorPhotoViewController.mm */,
				50576F371B91E326003649B8 /* TBMirrorVideoViewController.h */,
				50576F381B91E326003649B8 /* TBMirrorVideoViewController.mm */,
				50576F391B91E326003649B8 /* TBMirrorViewController_Private.h */,
				50576F3A1B91E326003649B8 /* TBMirrorViewControllerFactory.h */,
				50576F3B1B91E326003649B8 /* TBMirrorViewControllerFactory.m */,
			);
			name = Core;
			sourceTree = "<group>";
		};
		50576F3F1B91E345003649B8 /* View */ = {
			isa = PBXGroup;
			children = (
				50576F401B91E34F003649B8 /* TBMirrorCameraOpenGLView.h */,
				50576F411B91E34F003649B8 /* TBMirrorCameraOpenGLView.m */,
			);
			name = View;
			sourceTree = "<group>";
		};
		50576F461B91E3A5003649B8 /* Model */ = {
			isa = PBXGroup;
			children = (
				50576F471B91E3B9003649B8 /* TBMirrorMakeUpModel.h */,
				50576F481B91E3B9003649B8 /* TBMirrorMakeUpModel.m */,
				50576F491B91E3B9003649B8 /* TBMirrorBeautyModel.h */,
				50576F4A1B91E3B9003649B8 /* TBMirrorBeautyModel.m */,
			);
			name = Model;
			sourceTree = "<group>";
		};
		50576F4D1B91E50D003649B8 /* Utils */ = {
			isa = PBXGroup;
			children = (
				50576F5F1B91FD8E003649B8 /* TBMirrorDiskCache.h */,
				50576F601B91FD8E003649B8 /* TBMirrorDiskCache.m */,
				50576F4E1B91E51F003649B8 /* TBMirrorUtils.h */,
				50576F4F1B91E51F003649B8 /* TBMirrorUtils.m */,
			);
			name = Utils;
			sourceTree = "<group>";
		};
		50576F511B91E5B4003649B8 /* Render */ = {
			isa = PBXGroup;
			children = (
				50576F5C1B91FB58003649B8 /* saihong.dat */,
				50576F5B1B91FB3E003649B8 /* face_all_data_100.dat */,
				50576F521B91E5E4003649B8 /* CosmeticEngine.h */,
				50576F531B91E5E4003649B8 /* GlassFittingEngineAPI.h */,
				50576F541B91E614003649B8 /* libCosmeticSDK.a */,
				50576F551B91E614003649B8 /* libglass_release.a */,
			);
			name = Render;
			sourceTree = "<group>";
		};
		50FD337C1B9156D8001B9B6B = {
			isa = PBXGroup;
			children = (
				50FD33871B9156D8001B9B6B /* CameraDemo */,
				50FD33A11B9156D9001B9B6B /* CameraDemoTests */,
				50FD33861B9156D8001B9B6B /* Products */,
			);
			sourceTree = "<group>";
		};
		50FD33861B9156D8001B9B6B /* Products */ = {
			isa = PBXGroup;
			children = (
				50FD33851B9156D8001B9B6B /* CameraDemo.app */,
				50FD339E1B9156D9001B9B6B /* CameraDemoTests.xctest */,
			);
			name = Products;
			sourceTree = "<group>";
		};
		50FD33871B9156D8001B9B6B /* CameraDemo */ = {
			isa = PBXGroup;
			children = (
				50576F461B91E3A5003649B8 /* Model */,
				50576F3F1B91E345003649B8 /* View */,
				50576F251B915C12003649B8 /* ViewController */,
				50576F511B91E5B4003649B8 /* Render */,
				50576F4D1B91E50D003649B8 /* Utils */,
				50FD33881B9156D8001B9B6B /* Supporting Files */,
			);
			path = CameraDemo;
			sourceTree = "<group>";
		};
		50FD33881B9156D8001B9B6B /* Supporting Files */ = {
			isa = PBXGroup;
			children = (
				50576F2F1B915F56003649B8 /* AVFoundation.framework */,
				50FD338C1B9156D8001B9B6B /* AppDelegate.h */,
				50FD338D1B9156D8001B9B6B /* AppDelegate.m */,
				50FD338F1B9156D8001B9B6B /* ViewController.h */,
				50FD33901B9156D8001B9B6B /* ViewController.m */,
				50FD33921B9156D8001B9B6B /* Main.storyboard */,
				50FD33951B9156D8001B9B6B /* Images.xcassets */,
				50FD33971B9156D8001B9B6B /* LaunchScreen.xib */,
				50FD33891B9156D8001B9B6B /* Info.plist */,
				50FD338A1B9156D8001B9B6B /* main.m */,
			);
			name = "Supporting Files";
			sourceTree = "<group>";
		};
		50FD33A11B9156D9001B9B6B /* CameraDemoTests */ = {
			isa = PBXGroup;
			children = (
				50FD33A41B9156D9001B9B6B /* CameraDemoTests.m */,
				50FD33A21B9156D9001B9B6B /* Supporting Files */,
			);
			path = CameraDemoTests;
			sourceTree = "<group>";
		};
		50FD33A21B9156D9001B9B6B /* Supporting Files */ = {
			isa = PBXGroup;
			children = (
				50FD33A31B9156D9001B9B6B /* Info.plist */,
			);
			name = "Supporting Files";
			sourceTree = "<group>";
		};
/* End PBXGroup section */

/* Begin PBXNativeTarget section */
		50FD33841B9156D8001B9B6B /* CameraDemo */ = {
			isa = PBXNativeTarget;
			buildConfigurationList = 50FD33A81B9156D9001B9B6B /* Build configuration list for PBXNativeTarget "CameraDemo" */;
			buildPhases = (
				50FD33811B9156D8001B9B6B /* Sources */,
				50FD33821B9156D8001B9B6B /* Frameworks */,
				50FD33831B9156D8001B9B6B /* Resources */,
			);
			buildRules = (
			);
			dependencies = (
			);
			name = CameraDemo;
			productName = CameraDemo;
			productReference = 50FD33851B9156D8001B9B6B /* CameraDemo.app */;
			productType = "com.apple.product-type.application";
		};
		50FD339D1B9156D9001B9B6B /* CameraDemoTests */ = {
			isa = PBXNativeTarget;
			buildConfigurationList = 50FD33AB1B9156D9001B9B6B /* Build configuration list for PBXNativeTarget "CameraDemoTests" */;
			buildPhases = (
				50FD339A1B9156D9001B9B6B /* Sources */,
				50FD339B1B9156D9001B9B6B /* Frameworks */,
				50FD339C1B9156D9001B9B6B /* Resources */,
			);
			buildRules = (
			);
			dependencies = (
				50FD33A01B9156D9001B9B6B /* PBXTargetDependency */,
			);
			name = CameraDemoTests;
			productName = CameraDemoTests;
			productReference = 50FD339E1B9156D9001B9B6B /* CameraDemoTests.xctest */;
			productType = "com.apple.product-type.bundle.unit-test";
		};
/* End PBXNativeTarget section */

/* Begin PBXProject section */
		50FD337D1B9156D8001B9B6B /* Project object */ = {
			isa = PBXProject;
			attributes = {
				LastUpgradeCheck = 0640;
				ORGANIZATIONNAME = alibaba;
				TargetAttributes = {
					50FD33841B9156D8001B9B6B = {
						CreatedOnToolsVersion = 6.4;
					};
					50FD339D1B9156D9001B9B6B = {
						CreatedOnToolsVersion = 6.4;
						TestTargetID = 50FD33841B9156D8001B9B6B;
					};
				};
			};
			buildConfigurationList = 50FD33801B9156D8001B9B6B /* Build configuration list for PBXProject "CameraDemo" */;
			compatibilityVersion = "Xcode 3.2";
			developmentRegion = English;
			hasScannedForEncodings = 0;
			knownRegions = (
				en,
				Base,
			);
			mainGroup = 50FD337C1B9156D8001B9B6B;
			productRefGroup = 50FD33861B9156D8001B9B6B /* Products */;
			projectDirPath = "";
			projectRoot = "";
			targets = (
				50FD33841B9156D8001B9B6B /* CameraDemo */,
				50FD339D1B9156D9001B9B6B /* CameraDemoTests */,
			);
		};
/* End PBXProject section */

/* Begin PBXResourcesBuildPhase section */
		50FD33831B9156D8001B9B6B /* Resources */ = {
			isa = PBXResourcesBuildPhase;
			buildActionMask = 2147483647;
			files = (
				50576F5E1B91FBB9003649B8 /* face_all_data_100.dat in Resources */,
				50576F5D1B91FB88003649B8 /* saihong.dat in Resources */,
				50FD33941B9156D8001B9B6B /* Main.storyboard in Resources */,
				50FD33991B9156D8001B9B6B /* LaunchScreen.xib in Resources */,
				50FD33961B9156D8001B9B6B /* Images.xcassets in Resources */,
			);
			runOnlyForDeploymentPostprocessing = 0;
		};
		50FD339C1B9156D9001B9B6B /* Resources */ = {
			isa = PBXResourcesBuildPhase;
			buildActionMask = 2147483647;
			files = (
			);
			runOnlyForDeploymentPostprocessing = 0;
		};
/* End PBXResourcesBuildPhase section */

/* Begin PBXSourcesBuildPhase section */
		50FD33811B9156D8001B9B6B /* Sources */ = {
			isa = PBXSourcesBuildPhase;
			buildActionMask = 2147483647;
			files = (
				50576F501B91E51F003649B8 /* TBMirrorUtils.m in Sources */,
				50576F3C1B91E326003649B8 /* TBMirrorPhotoViewController.mm in Sources */,
				50576F451B91E38B003649B8 /* TBMirrorViewController.mm in Sources */,
				50576F4C1B91E3B9003649B8 /* TBMirrorBeautyModel.m in Sources */,
				50576F5A1B91E69C003649B8 /* DemoViewController.m in Sources */,
				50576F3D1B91E326003649B8 /* TBMirrorVideoViewController.mm in Sources */,
				50576F3E1B91E326003649B8 /* TBMirrorViewControllerFactory.m in Sources */,
				50FD33911B9156D8001B9B6B /* ViewController.m in Sources */,
				50FD338E1B9156D8001B9B6B /* AppDelegate.m in Sources */,
				50FD338B1B9156D8001B9B6B /* main.m in Sources */,
				50576F281B915C50003649B8 /* MainViewController.m in Sources */,
				50576F421B91E34F003649B8 /* TBMirrorCameraOpenGLView.m in Sources */,
				50576F611B91FD8E003649B8 /* TBMirrorDiskCache.m in Sources */,
				50576F4B1B91E3B9003649B8 /* TBMirrorMakeUpModel.m in Sources */,
			);
			runOnlyForDeploymentPostprocessing = 0;
		};
		50FD339A1B9156D9001B9B6B /* Sources */ = {
			isa = PBXSourcesBuildPhase;
			buildActionMask = 2147483647;
			files = (
				50FD33A51B9156D9001B9B6B /* CameraDemoTests.m in Sources */,
			);
			runOnlyForDeploymentPostprocessing = 0;
		};
/* End PBXSourcesBuildPhase section */

/* Begin PBXTargetDependency section */
		50FD33A01B9156D9001B9B6B /* PBXTargetDependency */ = {
			isa = PBXTargetDependency;
			target = 50FD33841B9156D8001B9B6B /* CameraDemo */;
			targetProxy = 50FD339F1B9156D9001B9B6B /* PBXContainerItemProxy */;
		};
/* End PBXTargetDependency section */

/* Begin PBXVariantGroup section */
		50FD33921B9156D8001B9B6B /* Main.storyboard */ = {
			isa = PBXVariantGroup;
			children = (
				50FD33931B9156D8001B9B6B /* Base */,
			);
			name = Main.storyboard;
			sourceTree = "<group>";
		};
		50FD33971B9156D8001B9B6B /* LaunchScreen.xib */ = {
			isa = PBXVariantGroup;
			children = (
				50FD33981B9156D8001B9B6B /* Base */,
			);
			name = LaunchScreen.xib;
			sourceTree = "<group>";
		};
/* End PBXVariantGroup section */

/* Begin XCBuildConfiguration section */
		50FD33A61B9156D9001B9B6B /* Debug */ = {
			isa = XCBuildConfiguration;
			buildSettings = {
				ALWAYS_SEARCH_USER_PATHS = NO;
				CLANG_CXX_LANGUAGE_STANDARD = "gnu++0x";
				CLANG_CXX_LIBRARY = "libc++";
				CLANG_ENABLE_MODULES = YES;
				CLANG_ENABLE_OBJC_ARC = YES;
				CLANG_WARN_BOOL_CONVERSION = YES;
				CLANG_WARN_CONSTANT_CONVERSION = YES;
				CLANG_WARN_DIRECT_OBJC_ISA_USAGE = YES_ERROR;
				CLANG_WARN_EMPTY_BODY = YES;
				CLANG_WARN_ENUM_CONVERSION = YES;
				CLANG_WARN_INT_CONVERSION = YES;
				CLANG_WARN_OBJC_ROOT_CLASS = YES_ERROR;
				CLANG_WARN_UNREACHABLE_CODE = YES;
				CLANG_WARN__DUPLICATE_METHOD_MATCH = YES;
				"CODE_SIGN_IDENTITY[sdk=iphoneos*]" = "iPhone Developer";
				COPY_PHASE_STRIP = NO;
				DEBUG_INFORMATION_FORMAT = "dwarf-with-dsym";
				ENABLE_STRICT_OBJC_MSGSEND = YES;
				GCC_C_LANGUAGE_STANDARD = gnu99;
				GCC_DYNAMIC_NO_PIC = NO;
				GCC_NO_COMMON_BLOCKS = YES;
				GCC_OPTIMIZATION_LEVEL = 0;
				GCC_PREPROCESSOR_DEFINITIONS = (
					"DEBUG=1",
					"$(inherited)",
				);
				GCC_SYMBOLS_PRIVATE_EXTERN = NO;
				GCC_WARN_64_TO_32_BIT_CONVERSION = YES;
				GCC_WARN_ABOUT_RETURN_TYPE = YES_ERROR;
				GCC_WARN_UNDECLARED_SELECTOR = YES;
				GCC_WARN_UNINITIALIZED_AUTOS = YES_AGGRESSIVE;
				GCC_WARN_UNUSED_FUNCTION = YES;
				GCC_WARN_UNUSED_VARIABLE = YES;
				IPHONEOS_DEPLOYMENT_TARGET = 8.4;
				MTL_ENABLE_DEBUG_INFO = YES;
				ONLY_ACTIVE_ARCH = YES;
				SDKROOT = iphoneos;
			};
			name = Debug;
		};
		50FD33A71B9156D9001B9B6B /* Release */ = {
			isa = XCBuildConfiguration;
			buildSettings = {
				ALWAYS_SEARCH_USER_PATHS = NO;
				CLANG_CXX_LANGUAGE_STANDARD = "gnu++0x";
				CLANG_CXX_LIBRARY = "libc++";
				CLANG_ENABLE_MODULES = YES;
				CLANG_ENABLE_OBJC_ARC = YES;
				CLANG_WARN_BOOL_CONVERSION = YES;
				CLANG_WARN_CONSTANT_CONVERSION = YES;
				CLANG_WARN_DIRECT_OBJC_ISA_USAGE = YES_ERROR;
				CLANG_WARN_EMPTY_BODY = YES;
				CLANG_WARN_ENUM_CONVERSION = YES;
				CLANG_WARN_INT_CONVERSION = YES;
				CLANG_WARN_OBJC_ROOT_CLASS = YES_ERROR;
				CLANG_WARN_UNREACHABLE_CODE = YES;
				CLANG_WARN__DUPLICATE_METHOD_MATCH = YES;
				"CODE_SIGN_IDENTITY[sdk=iphoneos*]" = "iPhone Developer";
				COPY_PHASE_STRIP = NO;
				DEBUG_INFORMATION_FORMAT = "dwarf-with-dsym";
				ENABLE_NS_ASSERTIONS = NO;
				ENABLE_STRICT_OBJC_MSGSEND = YES;
				GCC_C_LANGUAGE_STANDARD = gnu99;
				GCC_NO_COMMON_BLOCKS = YES;
				GCC_WARN_64_TO_32_BIT_CONVERSION = YES;
				GCC_WARN_ABOUT_RETURN_TYPE = YES_ERROR;
				GCC_WARN_UNDECLARED_SELECTOR = YES;
				GCC_WARN_UNINITIALIZED_AUTOS = YES_AGGRESSIVE;
				GCC_WARN_UNUSED_FUNCTION = YES;
				GCC_WARN_UNUSED_VARIABLE = YES;
				IPHONEOS_DEPLOYMENT_TARGET = 8.4;
				MTL_ENABLE_DEBUG_INFO = NO;
				SDKROOT = iphoneos;
				VALIDATE_PRODUCT = YES;
			};
			name = Release;
		};
		50FD33A91B9156D9001B9B6B /* Debug */ = {
			isa = XCBuildConfiguration;
			buildSettings = {
				ASSETCATALOG_COMPILER_APPICON_NAME = AppIcon;
				INFOPLIST_FILE = CameraDemo/Info.plist;
				IPHONEOS_DEPLOYMENT_TARGET = 6.1;
				LD_RUNPATH_SEARCH_PATHS = "$(inherited) @executable_path/Frameworks";
				LIBRARY_SEARCH_PATHS = (
					"$(inherited)",
					"$(PROJECT_DIR)/CameraDemo",
				);
				PRODUCT_NAME = "$(TARGET_NAME)";
			};
			name = Debug;
		};
		50FD33AA1B9156D9001B9B6B /* Release */ = {
			isa = XCBuildConfiguration;
			buildSettings = {
				ASSETCATALOG_COMPILER_APPICON_NAME = AppIcon;
				INFOPLIST_FILE = CameraDemo/Info.plist;
				IPHONEOS_DEPLOYMENT_TARGET = 6.1;
				LD_RUNPATH_SEARCH_PATHS = "$(inherited) @executable_path/Frameworks";
				LIBRARY_SEARCH_PATHS = (
					"$(inherited)",
					"$(PROJECT_DIR)/CameraDemo",
				);
				PRODUCT_NAME = "$(TARGET_NAME)";
			};
			name = Release;
		};
		50FD33AC1B9156D9001B9B6B /* Debug */ = {
			isa = XCBuildConfiguration;
			buildSettings = {
				BUNDLE_LOADER = "$(TEST_HOST)";
				FRAMEWORK_SEARCH_PATHS = (
					"$(SDKROOT)/Developer/Library/Frameworks",
					"$(inherited)",
				);
				GCC_PREPROCESSOR_DEFINITIONS = (
					"DEBUG=1",
					"$(inherited)",
				);
				INFOPLIST_FILE = CameraDemoTests/Info.plist;
				LD_RUNPATH_SEARCH_PATHS = "$(inherited) @executable_path/Frameworks @loader_path/Frameworks";
				PRODUCT_NAME = "$(TARGET_NAME)";
				TEST_HOST = "$(BUILT_PRODUCTS_DIR)/CameraDemo.app/CameraDemo";
			};
			name = Debug;
		};
		50FD33AD1B9156D9001B9B6B /* Release */ = {
			isa = XCBuildConfiguration;
			buildSettings = {
				BUNDLE_LOADER = "$(TEST_HOST)";
				FRAMEWORK_SEARCH_PATHS = (
					"$(SDKROOT)/Developer/Library/Frameworks",
					"$(inherited)",
				);
				INFOPLIST_FILE = CameraDemoTests/Info.plist;
				LD_RUNPATH_SEARCH_PATHS = "$(inherited) @executable_path/Frameworks @loader_path/Frameworks";
				PRODUCT_NAME = "$(TARGET_NAME)";
				TEST_HOST = "$(BUILT_PRODUCTS_DIR)/CameraDemo.app/CameraDemo";
			};
			name = Release;
		};
/* End XCBuildConfiguration section */

/* Begin XCConfigurationList section */
		50FD33801B9156D8001B9B6B /* Build configuration list for PBXProject "CameraDemo" */ = {
			isa = XCConfigurationList;
			buildConfigurations = (
				50FD33A61B9156D9001B9B6B /* Debug */,
				50FD33A71B9156D9001B9B6B /* Release */,
			);
			defaultConfigurationIsVisible = 0;
			defaultConfigurationName = Release;
		};
		50FD33A81B9156D9001B9B6B /* Build configuration list for PBXNativeTarget "CameraDemo" */ = {
			isa = XCConfigurationList;
			buildConfigurations = (
				50FD33A91B9156D9001B9B6B /* Debug */,
				50FD33AA1B9156D9001B9B6B /* Release */,
			);
			defaultConfigurationIsVisible = 0;
			defaultConfigurationName = Release;
		};
		50FD33AB1B9156D9001B9B6B /* Build configuration list for PBXNativeTarget "CameraDemoTests" */ = {
			isa = XCConfigurationList;
			buildConfigurations = (
				50FD33AC1B9156D9001B9B6B /* Debug */,
				50FD33AD1B9156D9001B9B6B /* Release */,
			);
			defaultConfigurationIsVisible = 0;
			defaultConfigurationName = Release;
		};
/* End XCConfigurationList section */
	};
	rootObject = 50FD337D1B9156D8001B9B6B /* Project object */;
}
